
Microsoft Visual Studio Solution File, Format Version 12.00
# Visual Studio Version 16
VisualStudioVersion = 16.0.31702.278
MinimumVisualStudioVersion = 10.0.40219.1
Project("{FAE04EC0-301F-11D3-BF4B-00C04F79EFBC}") = "mvcclient", "mvcclient\mvcclient.csproj", "{73E15F24-A4BA-41A1-89D5-5DD9AB44E795}"
EndProject
Global
	GlobalSection(SolutionConfigurationPlatforms) = preSolution
		Debug|Any CPU = Debug|Any CPU
		Release|Any CPU = Release|Any CPU
	EndGlobalSection
	GlobalSection(ProjectConfigurationPlatforms) = postSolution
		{73E15F24-A4BA-41A1-89D5-5DD9AB44E795}.Debug|Any CPU.ActiveCfg = Debug|Any CPU
		{73E15F24-A4BA-41A1-89D5-5DD9AB44E795}.Debug|Any CPU.Build.0 = Debug|Any CPU
		{73E15F24-A4BA-41A1-89D5-5DD9AB44E795}.Release|Any CPU.ActiveCfg = Release|Any CPU
		{73E15F24-A4BA-41A1-89D5-5DD9AB44E795}.Release|Any CPU.Build.0 = Release|Any CPU
	EndGlobalSection
	GlobalSection(SolutionProperties) = preSolution
		HideSolutionNode = FALSE
	EndGlobalSection
	GlobalSection(ExtensibilityGlobals) = postSolution
		SolutionGuid = {09990D45-75A2-4D23-83F9-C8138FC227EC}
	EndGlobalSection
EndGlobal
