
Microsoft Visual Studio Solution File, Format Version 12.00
# Visual Studio Version 16
VisualStudioVersion = 16.0.31702.278
MinimumVisualStudioVersion = 10.0.40219.1
Project("{FAE04EC0-301F-11D3-BF4B-00C04F79EFBC}") = "apiclientm2", "apiclientm2\apiclientm2.csproj", "{5C3B8CE6-F53A-4397-BEA3-57058C79DDAD}"
EndProject
Global
	GlobalSection(SolutionConfigurationPlatforms) = preSolution
		Debug|Any CPU = Debug|Any CPU
		Release|Any CPU = Release|Any CPU
	EndGlobalSection
	GlobalSection(ProjectConfigurationPlatforms) = postSolution
		{5C3B8CE6-F53A-4397-BEA3-57058C79DDAD}.Debug|Any CPU.ActiveCfg = Debug|Any CPU
		{5C3B8CE6-F53A-4397-BEA3-57058C79DDAD}.Debug|Any CPU.Build.0 = Debug|Any CPU
		{5C3B8CE6-F53A-4397-BEA3-57058C79DDAD}.Release|Any CPU.ActiveCfg = Release|Any CPU
		{5C3B8CE6-F53A-4397-BEA3-57058C79DDAD}.Release|Any CPU.Build.0 = Release|Any CPU
	EndGlobalSection
	GlobalSection(SolutionProperties) = preSolution
		HideSolutionNode = FALSE
	EndGlobalSection
	GlobalSection(ExtensibilityGlobals) = postSolution
		SolutionGuid = {A1F469C1-BBB8-4E48-AC06-8DCB51289671}
	EndGlobalSection
EndGlobal
